
Microsoft Visual Studio Solution File, Format Version 12.00
# Visual Studio Version 17
VisualStudioVersion = 17.7.34221.43
MinimumVisualStudioVersion = 10.0.40219.1
Project("{8BC9CEB8-8B4A-11D0-8D11-00A0C91BC942}") = "RestaurantBill", "RestaurantBill.vcxproj", "{099E35A7-E87A-4CF3-BF3B-86A0455674B4}"
EndProject
Global
	GlobalSection(SolutionConfigurationPlatforms) = preSolution
		Debug|x64 = Debug|x64
		Debug|x86 = Debug|x86
		Release|x64 = Release|x64
		Release|x86 = Release|x86
	EndGlobalSection
	GlobalSection(ProjectConfigurationPlatforms) = postSolution
		{099E35A7-E87A-4CF3-BF3B-86A0455674B4}.Debug|x64.ActiveCfg = Debug|x64
		{099E35A7-E87A-4CF3-BF3B-86A0455674B4}.Debug|x64.Build.0 = Debug|x64
		{099E35A7-E87A-4CF3-BF3B-86A0455674B4}.Debug|x86.ActiveCfg = Debug|Win32
		{099E35A7-E87A-4CF3-BF3B-86A0455674B4}.Debug|x86.Build.0 = Debug|Win32
		{099E35A7-E87A-4CF3-BF3B-86A0455674B4}.Release|x64.ActiveCfg = Release|x64
		{099E35A7-E87A-4CF3-BF3B-86A0455674B4}.Release|x64.Build.0 = Release|x64
		{099E35A7-E87A-4CF3-BF3B-86A0455674B4}.Release|x86.ActiveCfg = Release|Win32
		{099E35A7-E87A-4CF3-BF3B-86A0455674B4}.Release|x86.Build.0 = Release|Win32
	EndGlobalSection
	GlobalSection(SolutionProperties) = preSolution
		HideSolutionNode = FALSE
	EndGlobalSection
	GlobalSection(ExtensibilityGlobals) = postSolution
		SolutionGuid = {D6654E64-2B1E-4DEB-8AB9-1F226BFBC6E2}
	EndGlobalSection
EndGlobal
